
Microsoft Visual Studio Solution File, Format Version 12.00
# Visual Studio 15
VisualStudioVersion = 15.0.27004.2005
MinimumVisualStudioVersion = 10.0.40219.1
Project("{FAE04EC0-301F-11D3-BF4B-00C04F79EFBC}") = "SelectGeorgiaSkill", "SelectGeorgiaSkill\SelectGeorgiaSkill.csproj", "{97669565-B137-4AFA-ABE4-CC272767B320}"
EndProject
Global
	GlobalSection(SolutionConfigurationPlatforms) = preSolution
		Debug|Any CPU = Debug|Any CPU
		Release|Any CPU = Release|Any CPU
	EndGlobalSection
	GlobalSection(ProjectConfigurationPlatforms) = postSolution
		{97669565-B137-4AFA-ABE4-CC272767B320}.Debug|Any CPU.ActiveCfg = Debug|Any CPU
		{97669565-B137-4AFA-ABE4-CC272767B320}.Debug|Any CPU.Build.0 = Debug|Any CPU
		{97669565-B137-4AFA-ABE4-CC272767B320}.Release|Any CPU.ActiveCfg = Release|Any CPU
		{97669565-B137-4AFA-ABE4-CC272767B320}.Release|Any CPU.Build.0 = Release|Any CPU
	EndGlobalSection
	GlobalSection(SolutionProperties) = preSolution
		HideSolutionNode = FALSE
	EndGlobalSection
	GlobalSection(ExtensibilityGlobals) = postSolution
		SolutionGuid = {85B288EC-3D31-47BB-AFDE-330DAD4A4E72}
	EndGlobalSection
EndGlobal
